
Microsoft Visual Studio Solution File, Format Version 12.00
# Visual Studio Version 17
VisualStudioVersion = 17.0.31919.166
MinimumVisualStudioVersion = 10.0.40219.1
Project("{FAE04EC0-301F-11D3-BF4B-00C04F79EFBC}") = "Stok_Takip", "Stok_Takip.csproj", "{20AAD996-DBB6-44C6-A459-5B3DC285BFE8}"
EndProject
Global
	GlobalSection(SolutionConfigurationPlatforms) = preSolution
		Debug|Any CPU = Debug|Any CPU
		Release|Any CPU = Release|Any CPU
	EndGlobalSection
	GlobalSection(ProjectConfigurationPlatforms) = postSolution
		{20AAD996-DBB6-44C6-A459-5B3DC285BFE8}.Debug|Any CPU.ActiveCfg = Debug|Any CPU
		{20AAD996-DBB6-44C6-A459-5B3DC285BFE8}.Debug|Any CPU.Build.0 = Debug|Any CPU
		{20AAD996-DBB6-44C6-A459-5B3DC285BFE8}.Release|Any CPU.ActiveCfg = Release|Any CPU
		{20AAD996-DBB6-44C6-A459-5B3DC285BFE8}.Release|Any CPU.Build.0 = Release|Any CPU
	EndGlobalSection
	GlobalSection(SolutionProperties) = preSolution
		HideSolutionNode = FALSE
	EndGlobalSection
	GlobalSection(ExtensibilityGlobals) = postSolution
		SolutionGuid = {BA172A54-C1D9-44D2-A30A-EB4FE56A178D}
	EndGlobalSection
EndGlobal
